
Microsoft Visual Studio Solution File, Format Version 12.00
# Visual Studio Version 16
VisualStudioVersion = 16.0.30204.135
MinimumVisualStudioVersion = 10.0.40219.1
Project("{FAE04EC0-301F-11D3-BF4B-00C04F79EFBC}") = "HeavyWeaponsAcceptAllUtilities", "HeavyWeaponsAcceptAllUtilities\HeavyWeaponsAcceptAllUtilities.csproj", "{665B0B3C-705A-4BEE-A6BE-CC9191349325}"
EndProject
Global
	GlobalSection(SolutionConfigurationPlatforms) = preSolution
		Debug|Any CPU = Debug|Any CPU
		Release|Any CPU = Release|Any CPU
	EndGlobalSection
	GlobalSection(ProjectConfigurationPlatforms) = postSolution
		{665B0B3C-705A-4BEE-A6BE-CC9191349325}.Debug|Any CPU.ActiveCfg = Release|Any CPU
		{665B0B3C-705A-4BEE-A6BE-CC9191349325}.Debug|Any CPU.Build.0 = Release|Any CPU
		{665B0B3C-705A-4BEE-A6BE-CC9191349325}.Release|Any CPU.ActiveCfg = Release|Any CPU
		{665B0B3C-705A-4BEE-A6BE-CC9191349325}.Release|Any CPU.Build.0 = Release|Any CPU
	EndGlobalSection
	GlobalSection(SolutionProperties) = preSolution
		HideSolutionNode = FALSE
	EndGlobalSection
	GlobalSection(ExtensibilityGlobals) = postSolution
		SolutionGuid = {18AE21E0-5397-4134-A21A-6FB4689716BC}
	EndGlobalSection
EndGlobal
